
Microsoft Visual Studio Solution File, Format Version 12.00
# Visual Studio 15
VisualStudioVersion = 15.0.27004.2006
MinimumVisualStudioVersion = 10.0.40219.1
Project("{FAE04EC0-301F-11D3-BF4B-00C04F79EFBC}") = "01. InitialSetup", "01. InitialSetup\01. InitialSetup.csproj", "{3CC3BC8B-B69F-4119-9EC5-732AFA4CA746}"
EndProject
Project("{FAE04EC0-301F-11D3-BF4B-00C04F79EFBC}") = "02. VillainNames", "02. VillainNames\02. VillainNames.csproj", "{3660D7AB-78DC-47D4-9114-E4D30FB5E9BD}"
EndProject
Project("{FAE04EC0-301F-11D3-BF4B-00C04F79EFBC}") = "03. MinionNames", "03. MinionNames\03. MinionNames.csproj", "{2C846B11-D290-40C6-A907-217217623E47}"
EndProject
Global
	GlobalSection(SolutionConfigurationPlatforms) = preSolution
		Debug|Any CPU = Debug|Any CPU
		Release|Any CPU = Release|Any CPU
	EndGlobalSection
	GlobalSection(ProjectConfigurationPlatforms) = postSolution
		{3CC3BC8B-B69F-4119-9EC5-732AFA4CA746}.Debug|Any CPU.ActiveCfg = Debug|Any CPU
		{3CC3BC8B-B69F-4119-9EC5-732AFA4CA746}.Debug|Any CPU.Build.0 = Debug|Any CPU
		{3CC3BC8B-B69F-4119-9EC5-732AFA4CA746}.Release|Any CPU.ActiveCfg = Release|Any CPU
		{3CC3BC8B-B69F-4119-9EC5-732AFA4CA746}.Release|Any CPU.Build.0 = Release|Any CPU
		{3660D7AB-78DC-47D4-9114-E4D30FB5E9BD}.Debug|Any CPU.ActiveCfg = Debug|Any CPU
		{3660D7AB-78DC-47D4-9114-E4D30FB5E9BD}.Debug|Any CPU.Build.0 = Debug|Any CPU
		{3660D7AB-78DC-47D4-9114-E4D30FB5E9BD}.Release|Any CPU.ActiveCfg = Release|Any CPU
		{3660D7AB-78DC-47D4-9114-E4D30FB5E9BD}.Release|Any CPU.Build.0 = Release|Any CPU
		{2C846B11-D290-40C6-A907-217217623E47}.Debug|Any CPU.ActiveCfg = Debug|Any CPU
		{2C846B11-D290-40C6-A907-217217623E47}.Debug|Any CPU.Build.0 = Debug|Any CPU
		{2C846B11-D290-40C6-A907-217217623E47}.Release|Any CPU.ActiveCfg = Release|Any CPU
		{2C846B11-D290-40C6-A907-217217623E47}.Release|Any CPU.Build.0 = Release|Any CPU
	EndGlobalSection
	GlobalSection(SolutionProperties) = preSolution
		HideSolutionNode = FALSE
	EndGlobalSection
	GlobalSection(ExtensibilityGlobals) = postSolution
		SolutionGuid = {2E336ACA-1D72-4DA5-B2A1-B28B21C10229}
	EndGlobalSection
EndGlobal
