
Microsoft Visual Studio Solution File, Format Version 12.00
# Visual Studio 15
VisualStudioVersion = 15.0.27004.2006
MinimumVisualStudioVersion = 10.0.40219.1
Project("{9A19103F-16F7-4668-BE54-9A1E7A4F7556}") = "P01_HospitalDatabase", "P01_HospitalDatabase\P01_HospitalDatabase.csproj", "{DACF18F9-31B7-43DB-A63F-8AF19044A695}"
EndProject
Project("{9A19103F-16F7-4668-BE54-9A1E7A4F7556}") = "HospitalStartUp", "HospitalStartUp\HospitalStartUp.csproj", "{8F93D2AF-15EE-4ED2-92E3-7002A340395D}"
EndProject
Project("{9A19103F-16F7-4668-BE54-9A1E7A4F7556}") = "HospitalDatabaseInitializer", "..\..\..\Desktop\C# DB fundamentals\Databases Advanced - Entity Framework\03. Code-First\HospitalDatabaseInitializer\HospitalDatabaseInitializer.csproj", "{52CD013A-044B-4A65-95CB-AC557F9529E9}"
EndProject
Project("{FAE04EC0-301F-11D3-BF4B-00C04F79EFBC}") = "P03_SalesDatabase", "P03_SalesDatabase\P03_SalesDatabase.csproj", "{761BD500-DD98-4CC2-A13A-DDD511B28C0A}"
EndProject
Project("{FAE04EC0-301F-11D3-BF4B-00C04F79EFBC}") = "P03_SalesDatabaseStartUp", "P03_SalesDatabaseStartUp\P03_SalesDatabaseStartUp.csproj", "{24FFFCF8-56D4-4B14-B75F-C230F82AE394}"
EndProject
Global
	GlobalSection(SolutionConfigurationPlatforms) = preSolution
		Debug|Any CPU = Debug|Any CPU
		Release|Any CPU = Release|Any CPU
	EndGlobalSection
	GlobalSection(ProjectConfigurationPlatforms) = postSolution
		{DACF18F9-31B7-43DB-A63F-8AF19044A695}.Debug|Any CPU.ActiveCfg = Debug|Any CPU
		{DACF18F9-31B7-43DB-A63F-8AF19044A695}.Debug|Any CPU.Build.0 = Debug|Any CPU
		{DACF18F9-31B7-43DB-A63F-8AF19044A695}.Release|Any CPU.ActiveCfg = Release|Any CPU
		{DACF18F9-31B7-43DB-A63F-8AF19044A695}.Release|Any CPU.Build.0 = Release|Any CPU
		{8F93D2AF-15EE-4ED2-92E3-7002A340395D}.Debug|Any CPU.ActiveCfg = Debug|Any CPU
		{8F93D2AF-15EE-4ED2-92E3-7002A340395D}.Debug|Any CPU.Build.0 = Debug|Any CPU
		{8F93D2AF-15EE-4ED2-92E3-7002A340395D}.Release|Any CPU.ActiveCfg = Release|Any CPU
		{8F93D2AF-15EE-4ED2-92E3-7002A340395D}.Release|Any CPU.Build.0 = Release|Any CPU
		{52CD013A-044B-4A65-95CB-AC557F9529E9}.Debug|Any CPU.ActiveCfg = Debug|Any CPU
		{52CD013A-044B-4A65-95CB-AC557F9529E9}.Debug|Any CPU.Build.0 = Debug|Any CPU
		{52CD013A-044B-4A65-95CB-AC557F9529E9}.Release|Any CPU.ActiveCfg = Release|Any CPU
		{52CD013A-044B-4A65-95CB-AC557F9529E9}.Release|Any CPU.Build.0 = Release|Any CPU
		{761BD500-DD98-4CC2-A13A-DDD511B28C0A}.Debug|Any CPU.ActiveCfg = Debug|Any CPU
		{761BD500-DD98-4CC2-A13A-DDD511B28C0A}.Debug|Any CPU.Build.0 = Debug|Any CPU
		{761BD500-DD98-4CC2-A13A-DDD511B28C0A}.Release|Any CPU.ActiveCfg = Release|Any CPU
		{761BD500-DD98-4CC2-A13A-DDD511B28C0A}.Release|Any CPU.Build.0 = Release|Any CPU
		{24FFFCF8-56D4-4B14-B75F-C230F82AE394}.Debug|Any CPU.ActiveCfg = Debug|Any CPU
		{24FFFCF8-56D4-4B14-B75F-C230F82AE394}.Debug|Any CPU.Build.0 = Debug|Any CPU
		{24FFFCF8-56D4-4B14-B75F-C230F82AE394}.Release|Any CPU.ActiveCfg = Release|Any CPU
		{24FFFCF8-56D4-4B14-B75F-C230F82AE394}.Release|Any CPU.Build.0 = Release|Any CPU
	EndGlobalSection
	GlobalSection(SolutionProperties) = preSolution
		HideSolutionNode = FALSE
	EndGlobalSection
	GlobalSection(ExtensibilityGlobals) = postSolution
		SolutionGuid = {6413D9C6-FF82-453F-A644-41120BE6CA50}
	EndGlobalSection
EndGlobal
